
Microsoft Visual Studio Solution File, Format Version 12.00
# Visual Studio Version 17
VisualStudioVersion = 17.0.31903.59
MinimumVisualStudioVersion = 10.0.40219.1
Project("{2150E333-8FDC-42A3-9474-1A3956D46DE8}") = "src", "src", "{827E0CD3-B72D-47B6-A68D-7590B98EB39B}"
EndProject
Project("{FAE04EC0-301F-11D3-BF4B-00C04F79EFBC}") = "Emprely.Api", "src\Emprely.Api\Emprely.Api.csproj", "{DA0106D0-FAB1-44C0-BC26-891FBACF93DC}"
EndProject
Project("{FAE04EC0-301F-11D3-BF4B-00C04F79EFBC}") = "Emprely.Domain", "src\Emprely.Domain\Emprely.Domain.csproj", "{BE5ADACB-78CA-42AC-8704-A8D6640390DF}"
EndProject
Project("{FAE04EC0-301F-11D3-BF4B-00C04F79EFBC}") = "Emprely.Application", "src\Emprely.Application\Emprely.Application.csproj", "{6D1BD891-20FB-455D-8AD2-BAEE22CEC058}"
EndProject
Project("{FAE04EC0-301F-11D3-BF4B-00C04F79EFBC}") = "Emprely.Infrastructure", "src\Emprely.Infrastructure\Emprely.Infrastructure.csproj", "{6ECADCF1-0266-4EF6-A487-23BB1E482B3F}"
EndProject
Project("{FAE04EC0-301F-11D3-BF4B-00C04F79EFBC}") = "Emprely.Contracts", "src\Emprely.Contracts\Emprely.Contracts.csproj", "{2D9B4F2A-741D-4A23-8892-8C5F1B5B9E62}"
EndProject
Project("{FAE04EC0-301F-11D3-BF4B-00C04F79EFBC}") = "Emprely.UnitTests", "tests\Emprely.UnitTests\Emprely.UnitTests.csproj", "{570BC674-B6CC-42CF-8D11-C570E2B62598}"
EndProject
Project("{FAE04EC0-301F-11D3-BF4B-00C04F79EFBC}") = "Emprely.IntegrationTests", "tests\Emprely.IntegrationTests\Emprely.IntegrationTests.csproj", "{1AB11624-0160-45F6-8460-BF1141B061D2}"
EndProject
Global
	GlobalSection(SolutionConfigurationPlatforms) = preSolution
		Debug|Any CPU = Debug|Any CPU
		Debug|x64 = Debug|x64
		Debug|x86 = Debug|x86
		Release|Any CPU = Release|Any CPU
		Release|x64 = Release|x64
		Release|x86 = Release|x86
	EndGlobalSection
	GlobalSection(ProjectConfigurationPlatforms) = postSolution
		{DA0106D0-FAB1-44C0-BC26-891FBACF93DC}.Debug|Any CPU.ActiveCfg = Debug|Any CPU
		{DA0106D0-FAB1-44C0-BC26-891FBACF93DC}.Debug|Any CPU.Build.0 = Debug|Any CPU
		{DA0106D0-FAB1-44C0-BC26-891FBACF93DC}.Debug|x64.ActiveCfg = Debug|Any CPU
		{DA0106D0-FAB1-44C0-BC26-891FBACF93DC}.Debug|x64.Build.0 = Debug|Any CPU
		{DA0106D0-FAB1-44C0-BC26-891FBACF93DC}.Debug|x86.ActiveCfg = Debug|Any CPU
		{DA0106D0-FAB1-44C0-BC26-891FBACF93DC}.Debug|x86.Build.0 = Debug|Any CPU
		{DA0106D0-FAB1-44C0-BC26-891FBACF93DC}.Release|Any CPU.ActiveCfg = Release|Any CPU
		{DA0106D0-FAB1-44C0-BC26-891FBACF93DC}.Release|Any CPU.Build.0 = Release|Any CPU
		{DA0106D0-FAB1-44C0-BC26-891FBACF93DC}.Release|x64.ActiveCfg = Release|Any CPU
		{DA0106D0-FAB1-44C0-BC26-891FBACF93DC}.Release|x64.Build.0 = Release|Any CPU
		{DA0106D0-FAB1-44C0-BC26-891FBACF93DC}.Release|x86.ActiveCfg = Release|Any CPU
		{DA0106D0-FAB1-44C0-BC26-891FBACF93DC}.Release|x86.Build.0 = Release|Any CPU
		{BE5ADACB-78CA-42AC-8704-A8D6640390DF}.Debug|Any CPU.ActiveCfg = Debug|Any CPU
		{BE5ADACB-78CA-42AC-8704-A8D6640390DF}.Debug|Any CPU.Build.0 = Debug|Any CPU
		{BE5ADACB-78CA-42AC-8704-A8D6640390DF}.Debug|x64.ActiveCfg = Debug|Any CPU
		{BE5ADACB-78CA-42AC-8704-A8D6640390DF}.Debug|x64.Build.0 = Debug|Any CPU
		{BE5ADACB-78CA-42AC-8704-A8D6640390DF}.Debug|x86.ActiveCfg = Debug|Any CPU
		{BE5ADACB-78CA-42AC-8704-A8D6640390DF}.Debug|x86.Build.0 = Debug|Any CPU
		{BE5ADACB-78CA-42AC-8704-A8D6640390DF}.Release|Any CPU.ActiveCfg = Release|Any CPU
		{BE5ADACB-78CA-42AC-8704-A8D6640390DF}.Release|Any CPU.Build.0 = Release|Any CPU
		{BE5ADACB-78CA-42AC-8704-A8D6640390DF}.Release|x64.ActiveCfg = Release|Any CPU
		{BE5ADACB-78CA-42AC-8704-A8D6640390DF}.Release|x64.Build.0 = Release|Any CPU
		{BE5ADACB-78CA-42AC-8704-A8D6640390DF}.Release|x86.ActiveCfg = Release|Any CPU
		{BE5ADACB-78CA-42AC-8704-A8D6640390DF}.Release|x86.Build.0 = Release|Any CPU
		{6D1BD891-20FB-455D-8AD2-BAEE22CEC058}.Debug|Any CPU.ActiveCfg = Debug|Any CPU
		{6D1BD891-20FB-455D-8AD2-BAEE22CEC058}.Debug|Any CPU.Build.0 = Debug|Any CPU
		{6D1BD891-20FB-455D-8AD2-BAEE22CEC058}.Debug|x64.ActiveCfg = Debug|Any CPU
		{6D1BD891-20FB-455D-8AD2-BAEE22CEC058}.Debug|x64.Build.0 = Debug|Any CPU
		{6D1BD891-20FB-455D-8AD2-BAEE22CEC058}.Debug|x86.ActiveCfg = Debug|Any CPU
		{6D1BD891-20FB-455D-8AD2-BAEE22CEC058}.Debug|x86.Build.0 = Debug|Any CPU
		{6D1BD891-20FB-455D-8AD2-BAEE22CEC058}.Release|Any CPU.ActiveCfg = Release|Any CPU
		{6D1BD891-20FB-455D-8AD2-BAEE22CEC058}.Release|Any CPU.Build.0 = Release|Any CPU
		{6D1BD891-20FB-455D-8AD2-BAEE22CEC058}.Release|x64.ActiveCfg = Release|Any CPU
		{6D1BD891-20FB-455D-8AD2-BAEE22CEC058}.Release|x64.Build.0 = Release|Any CPU
		{6D1BD891-20FB-455D-8AD2-BAEE22CEC058}.Release|x86.ActiveCfg = Release|Any CPU
		{6D1BD891-20FB-455D-8AD2-BAEE22CEC058}.Release|x86.Build.0 = Release|Any CPU
		{6ECADCF1-0266-4EF6-A487-23BB1E482B3F}.Debug|Any CPU.ActiveCfg = Debug|Any CPU
		{6ECADCF1-0266-4EF6-A487-23BB1E482B3F}.Debug|Any CPU.Build.0 = Debug|Any CPU
		{6ECADCF1-0266-4EF6-A487-23BB1E482B3F}.Debug|x64.ActiveCfg = Debug|Any CPU
		{6ECADCF1-0266-4EF6-A487-23BB1E482B3F}.Debug|x64.Build.0 = Debug|Any CPU
		{6ECADCF1-0266-4EF6-A487-23BB1E482B3F}.Debug|x86.ActiveCfg = Debug|Any CPU
		{6ECADCF1-0266-4EF6-A487-23BB1E482B3F}.Debug|x86.Build.0 = Debug|Any CPU
		{6ECADCF1-0266-4EF6-A487-23BB1E482B3F}.Release|Any CPU.ActiveCfg = Release|Any CPU
		{6ECADCF1-0266-4EF6-A487-23BB1E482B3F}.Release|Any CPU.Build.0 = Release|Any CPU
		{6ECADCF1-0266-4EF6-A487-23BB1E482B3F}.Release|x64.ActiveCfg = Release|Any CPU
		{6ECADCF1-0266-4EF6-A487-23BB1E482B3F}.Release|x64.Build.0 = Release|Any CPU
		{6ECADCF1-0266-4EF6-A487-23BB1E482B3F}.Release|x86.ActiveCfg = Release|Any CPU
		{6ECADCF1-0266-4EF6-A487-23BB1E482B3F}.Release|x86.Build.0 = Release|Any CPU
		{2D9B4F2A-741D-4A23-8892-8C5F1B5B9E62}.Debug|Any CPU.ActiveCfg = Debug|Any CPU
		{2D9B4F2A-741D-4A23-8892-8C5F1B5B9E62}.Debug|Any CPU.Build.0 = Debug|Any CPU
		{2D9B4F2A-741D-4A23-8892-8C5F1B5B9E62}.Debug|x64.ActiveCfg = Debug|Any CPU
		{2D9B4F2A-741D-4A23-8892-8C5F1B5B9E62}.Debug|x64.Build.0 = Debug|Any CPU
		{2D9B4F2A-741D-4A23-8892-8C5F1B5B9E62}.Debug|x86.ActiveCfg = Debug|Any CPU
		{2D9B4F2A-741D-4A23-8892-8C5F1B5B9E62}.Debug|x86.Build.0 = Debug|Any CPU
		{2D9B4F2A-741D-4A23-8892-8C5F1B5B9E62}.Release|Any CPU.ActiveCfg = Release|Any CPU
		{2D9B4F2A-741D-4A23-8892-8C5F1B5B9E62}.Release|Any CPU.Build.0 = Release|Any CPU
		{2D9B4F2A-741D-4A23-8892-8C5F1B5B9E62}.Release|x64.ActiveCfg = Release|Any CPU
		{2D9B4F2A-741D-4A23-8892-8C5F1B5B9E62}.Release|x64.Build.0 = Release|Any CPU
		{2D9B4F2A-741D-4A23-8892-8C5F1B5B9E62}.Release|x86.ActiveCfg = Release|Any CPU
		{2D9B4F2A-741D-4A23-8892-8C5F1B5B9E62}.Release|x86.Build.0 = Release|Any CPU
		{570BC674-B6CC-42CF-8D11-C570E2B62598}.Debug|Any CPU.ActiveCfg = Debug|Any CPU
		{570BC674-B6CC-42CF-8D11-C570E2B62598}.Debug|Any CPU.Build.0 = Debug|Any CPU
		{570BC674-B6CC-42CF-8D11-C570E2B62598}.Debug|x64.ActiveCfg = Debug|Any CPU
		{570BC674-B6CC-42CF-8D11-C570E2B62598}.Debug|x64.Build.0 = Debug|Any CPU
		{570BC674-B6CC-42CF-8D11-C570E2B62598}.Debug|x86.ActiveCfg = Debug|Any CPU
		{570BC674-B6CC-42CF-8D11-C570E2B62598}.Debug|x86.Build.0 = Debug|Any CPU
		{570BC674-B6CC-42CF-8D11-C570E2B62598}.Release|Any CPU.ActiveCfg = Release|Any CPU
		{570BC674-B6CC-42CF-8D11-C570E2B62598}.Release|Any CPU.Build.0 = Release|Any CPU
		{570BC674-B6CC-42CF-8D11-C570E2B62598}.Release|x64.ActiveCfg = Release|Any CPU
		{570BC674-B6CC-42CF-8D11-C570E2B62598}.Release|x64.Build.0 = Release|Any CPU
		{570BC674-B6CC-42CF-8D11-C570E2B62598}.Release|x86.ActiveCfg = Release|Any CPU
		{570BC674-B6CC-42CF-8D11-C570E2B62598}.Release|x86.Build.0 = Release|Any CPU
		{1AB11624-0160-45F6-8460-BF1141B061D2}.Debug|Any CPU.ActiveCfg = Debug|Any CPU
		{1AB11624-0160-45F6-8460-BF1141B061D2}.Debug|Any CPU.Build.0 = Debug|Any CPU
		{1AB11624-0160-45F6-8460-BF1141B061D2}.Debug|x64.ActiveCfg = Debug|Any CPU
		{1AB11624-0160-45F6-8460-BF1141B061D2}.Debug|x64.Build.0 = Debug|Any CPU
		{1AB11624-0160-45F6-8460-BF1141B061D2}.Debug|x86.ActiveCfg = Debug|Any CPU
		{1AB11624-0160-45F6-8460-BF1141B061D2}.Debug|x86.Build.0 = Debug|Any CPU
		{1AB11624-0160-45F6-8460-BF1141B061D2}.Release|Any CPU.ActiveCfg = Release|Any CPU
		{1AB11624-0160-45F6-8460-BF1141B061D2}.Release|Any CPU.Build.0 = Release|Any CPU
		{1AB11624-0160-45F6-8460-BF1141B061D2}.Release|x64.ActiveCfg = Release|Any CPU
		{1AB11624-0160-45F6-8460-BF1141B061D2}.Release|x64.Build.0 = Release|Any CPU
		{1AB11624-0160-45F6-8460-BF1141B061D2}.Release|x86.ActiveCfg = Release|Any CPU
		{1AB11624-0160-45F6-8460-BF1141B061D2}.Release|x86.Build.0 = Release|Any CPU
	EndGlobalSection
	GlobalSection(SolutionProperties) = preSolution
		HideSolutionNode = FALSE
	EndGlobalSection
	GlobalSection(NestedProjects) = preSolution
		{DA0106D0-FAB1-44C0-BC26-891FBACF93DC} = {827E0CD3-B72D-47B6-A68D-7590B98EB39B}
		{BE5ADACB-78CA-42AC-8704-A8D6640390DF} = {827E0CD3-B72D-47B6-A68D-7590B98EB39B}
		{6D1BD891-20FB-455D-8AD2-BAEE22CEC058} = {827E0CD3-B72D-47B6-A68D-7590B98EB39B}
		{6ECADCF1-0266-4EF6-A487-23BB1E482B3F} = {827E0CD3-B72D-47B6-A68D-7590B98EB39B}
		{2D9B4F2A-741D-4A23-8892-8C5F1B5B9E62} = {827E0CD3-B72D-47B6-A68D-7590B98EB39B}
		{570BC674-B6CC-42CF-8D11-C570E2B62598} = {827E0CD3-B72D-47B6-A68D-7590B98EB39B}
		{1AB11624-0160-45F6-8460-BF1141B061D2} = {827E0CD3-B72D-47B6-A68D-7590B98EB39B}
	EndGlobalSection
EndGlobal
